
Microsoft Visual Studio Solution File, Format Version 12.00
# Visual Studio 15
VisualStudioVersion = 15.0.27703.2035
MinimumVisualStudioVersion = 10.0.40219.1
Project("{9A19103F-16F7-4668-BE54-9A1E7A4F7556}") = "InterfaceService", "InterfaceService\InterfaceService.csproj", "{8EAE57EE-7A96-4DCB-9C51-81B0224974C2}"
EndProject
Project("{E53339B2-1760-4266-BCC7-CA923CBCF16C}") = "docker-compose", "docker-compose.dcproj", "{3BB14DCA-DC95-471E-8ACF-56B94FF08193}"
EndProject
Project("{2150E333-8FDC-42A3-9474-1A3956D46DE8}") = "TextRecognitionService", "TextRecognitionService", "{8C42F44E-EB8E-41D4-9EFC-92B83C508099}"
	ProjectSection(SolutionItems) = preProject
		TextRecognitionService\Dockerfile = TextRecognitionService\Dockerfile
		TextRecognitionService\PdfToText.py = TextRecognitionService\PdfToText.py
	EndProjectSection
EndProject
Project("{2150E333-8FDC-42A3-9474-1A3956D46DE8}") = "SpacyService", "SpacyService", "{3DF53869-0785-4436-9572-9C8220EFA04A}"
	ProjectSection(SolutionItems) = preProject
		SpacyService\Dockerfile = SpacyService\Dockerfile
		SpacyService\EntityRecognition.py = SpacyService\EntityRecognition.py
	EndProjectSection
EndProject
Global
	GlobalSection(SolutionConfigurationPlatforms) = preSolution
		Debug|Any CPU = Debug|Any CPU
		Release|Any CPU = Release|Any CPU
	EndGlobalSection
	GlobalSection(ProjectConfigurationPlatforms) = postSolution
		{8EAE57EE-7A96-4DCB-9C51-81B0224974C2}.Debug|Any CPU.ActiveCfg = Debug|Any CPU
		{8EAE57EE-7A96-4DCB-9C51-81B0224974C2}.Debug|Any CPU.Build.0 = Debug|Any CPU
		{8EAE57EE-7A96-4DCB-9C51-81B0224974C2}.Release|Any CPU.ActiveCfg = Release|Any CPU
		{8EAE57EE-7A96-4DCB-9C51-81B0224974C2}.Release|Any CPU.Build.0 = Release|Any CPU
		{3BB14DCA-DC95-471E-8ACF-56B94FF08193}.Debug|Any CPU.ActiveCfg = Debug|Any CPU
		{3BB14DCA-DC95-471E-8ACF-56B94FF08193}.Debug|Any CPU.Build.0 = Debug|Any CPU
		{3BB14DCA-DC95-471E-8ACF-56B94FF08193}.Release|Any CPU.ActiveCfg = Release|Any CPU
		{3BB14DCA-DC95-471E-8ACF-56B94FF08193}.Release|Any CPU.Build.0 = Release|Any CPU
	EndGlobalSection
	GlobalSection(SolutionProperties) = preSolution
		HideSolutionNode = FALSE
	EndGlobalSection
	GlobalSection(ExtensibilityGlobals) = postSolution
		SolutionGuid = {3A909B0E-CB97-42A1-BAD8-3F786B75556F}
	EndGlobalSection
EndGlobal
